
Microsoft Visual Studio Solution File, Format Version 12.00
# Visual Studio Version 16
VisualStudioVersion = 16.0.30804.86
MinimumVisualStudioVersion = 10.0.40219.1
Project("{FAE04EC0-301F-11D3-BF4B-00C04F79EFBC}") = "Margatroid.Alice", "Margatroid.Alice.csproj", "{43D40E00-7F76-4105-99F9-890647D6E36B}"
EndProject
Global
	GlobalSection(SolutionConfigurationPlatforms) = preSolution
		Debug|Any CPU = Debug|Any CPU
		Release|Any CPU = Release|Any CPU
	EndGlobalSection
	GlobalSection(ProjectConfigurationPlatforms) = postSolution
		{43D40E00-7F76-4105-99F9-890647D6E36B}.Debug|Any CPU.ActiveCfg = Debug|Any CPU
		{43D40E00-7F76-4105-99F9-890647D6E36B}.Debug|Any CPU.Build.0 = Debug|Any CPU
		{43D40E00-7F76-4105-99F9-890647D6E36B}.Release|Any CPU.ActiveCfg = Release|Any CPU
		{43D40E00-7F76-4105-99F9-890647D6E36B}.Release|Any CPU.Build.0 = Release|Any CPU
	EndGlobalSection
	GlobalSection(SolutionProperties) = preSolution
		HideSolutionNode = FALSE
	EndGlobalSection
	GlobalSection(ExtensibilityGlobals) = postSolution
		SolutionGuid = {E47A320D-65A1-401C-96DE-05D8579AC202}
	EndGlobalSection
EndGlobal
